
Microsoft Visual Studio Solution File, Format Version 12.00
# Visual Studio Version 17
VisualStudioVersion = 17.4.33110.190
MinimumVisualStudioVersion = 10.0.40219.1
Project("{9A19103F-16F7-4668-BE54-9A1E7A4F7556}") = "Tmf.Ocr.Api", "Tmf.Ocr.Api\Tmf.Ocr.Api.csproj", "{2DC307BF-CF15-4687-902A-BA4B590C14C9}"
EndProject
Project("{9A19103F-16F7-4668-BE54-9A1E7A4F7556}") = "Tmf.Ocr.Core", "Tmf.Ocr.Core\Tmf.Ocr.Core.csproj", "{1F39B373-07D7-486A-8070-F62C2EF7BA1D}"
EndProject
Project("{9A19103F-16F7-4668-BE54-9A1E7A4F7556}") = "Tmf.Ocr.Infrastructure", "Tmf.Ocr.Infrastructure\Tmf.Ocr.Infrastructure.csproj", "{F8D06D81-D076-4AE0-AA79-5D302B3D3B3F}"
EndProject
Project("{9A19103F-16F7-4668-BE54-9A1E7A4F7556}") = "Tmf.Ocr.Manager", "Tmf.Ocr.Manager\Tmf.Ocr.Manager.csproj", "{AB4509B6-1921-4657-BD55-030B161C2798}"
EndProject
Project("{9A19103F-16F7-4668-BE54-9A1E7A4F7556}") = "Tmf.Ocr.Test", "Tmf.Ocr.Test\Tmf.Ocr.Test.csproj", "{7FD02442-60D6-487F-84AA-C585B7D4DE4F}"
EndProject
Project("{9A19103F-16F7-4668-BE54-9A1E7A4F7556}") = "Tmf.Logs", "Tmf.Logs\Tmf.Logs.csproj", "{D87263DF-8B2D-485F-BFE3-D49A59C2BE4B}"
EndProject
Global
	GlobalSection(SolutionConfigurationPlatforms) = preSolution
		Debug|Any CPU = Debug|Any CPU
		Release|Any CPU = Release|Any CPU
	EndGlobalSection
	GlobalSection(ProjectConfigurationPlatforms) = postSolution
		{2DC307BF-CF15-4687-902A-BA4B590C14C9}.Debug|Any CPU.ActiveCfg = Debug|Any CPU
		{2DC307BF-CF15-4687-902A-BA4B590C14C9}.Debug|Any CPU.Build.0 = Debug|Any CPU
		{2DC307BF-CF15-4687-902A-BA4B590C14C9}.Release|Any CPU.ActiveCfg = Release|Any CPU
		{2DC307BF-CF15-4687-902A-BA4B590C14C9}.Release|Any CPU.Build.0 = Release|Any CPU
		{1F39B373-07D7-486A-8070-F62C2EF7BA1D}.Debug|Any CPU.ActiveCfg = Debug|Any CPU
		{1F39B373-07D7-486A-8070-F62C2EF7BA1D}.Debug|Any CPU.Build.0 = Debug|Any CPU
		{1F39B373-07D7-486A-8070-F62C2EF7BA1D}.Release|Any CPU.ActiveCfg = Release|Any CPU
		{1F39B373-07D7-486A-8070-F62C2EF7BA1D}.Release|Any CPU.Build.0 = Release|Any CPU
		{F8D06D81-D076-4AE0-AA79-5D302B3D3B3F}.Debug|Any CPU.ActiveCfg = Debug|Any CPU
		{F8D06D81-D076-4AE0-AA79-5D302B3D3B3F}.Debug|Any CPU.Build.0 = Debug|Any CPU
		{F8D06D81-D076-4AE0-AA79-5D302B3D3B3F}.Release|Any CPU.ActiveCfg = Release|Any CPU
		{F8D06D81-D076-4AE0-AA79-5D302B3D3B3F}.Release|Any CPU.Build.0 = Release|Any CPU
		{AB4509B6-1921-4657-BD55-030B161C2798}.Debug|Any CPU.ActiveCfg = Debug|Any CPU
		{AB4509B6-1921-4657-BD55-030B161C2798}.Debug|Any CPU.Build.0 = Debug|Any CPU
		{AB4509B6-1921-4657-BD55-030B161C2798}.Release|Any CPU.ActiveCfg = Release|Any CPU
		{AB4509B6-1921-4657-BD55-030B161C2798}.Release|Any CPU.Build.0 = Release|Any CPU
		{7FD02442-60D6-487F-84AA-C585B7D4DE4F}.Debug|Any CPU.ActiveCfg = Debug|Any CPU
		{7FD02442-60D6-487F-84AA-C585B7D4DE4F}.Debug|Any CPU.Build.0 = Debug|Any CPU
		{7FD02442-60D6-487F-84AA-C585B7D4DE4F}.Release|Any CPU.ActiveCfg = Release|Any CPU
		{7FD02442-60D6-487F-84AA-C585B7D4DE4F}.Release|Any CPU.Build.0 = Release|Any CPU
		{D87263DF-8B2D-485F-BFE3-D49A59C2BE4B}.Debug|Any CPU.ActiveCfg = Debug|Any CPU
		{D87263DF-8B2D-485F-BFE3-D49A59C2BE4B}.Debug|Any CPU.Build.0 = Debug|Any CPU
		{D87263DF-8B2D-485F-BFE3-D49A59C2BE4B}.Release|Any CPU.ActiveCfg = Release|Any CPU
		{D87263DF-8B2D-485F-BFE3-D49A59C2BE4B}.Release|Any CPU.Build.0 = Release|Any CPU
	EndGlobalSection
	GlobalSection(SolutionProperties) = preSolution
		HideSolutionNode = FALSE
	EndGlobalSection
	GlobalSection(ExtensibilityGlobals) = postSolution
		SolutionGuid = {D50E36A9-49D0-4A06-A8C2-034BE5010E2D}
	EndGlobalSection
EndGlobal
